
Microsoft Visual Studio Solution File, Format Version 12.00
# Visual Studio Version 16
VisualStudioVersion = 16.0.29728.190
MinimumVisualStudioVersion = 10.0.40219.1
Project("{FAE04EC0-301F-11D3-BF4B-00C04F79EFBC}") = "BuyOrder", "BuyOrder\BuyOrder.csproj", "{C04CFD5D-D03F-4766-A7CE-4400CF256E11}"
EndProject
Global
	GlobalSection(SolutionConfigurationPlatforms) = preSolution
		Debug|Any CPU = Debug|Any CPU
		Release|Any CPU = Release|Any CPU
	EndGlobalSection
	GlobalSection(ProjectConfigurationPlatforms) = postSolution
		{C04CFD5D-D03F-4766-A7CE-4400CF256E11}.Debug|Any CPU.ActiveCfg = Debug|Any CPU
		{C04CFD5D-D03F-4766-A7CE-4400CF256E11}.Debug|Any CPU.Build.0 = Debug|Any CPU
		{C04CFD5D-D03F-4766-A7CE-4400CF256E11}.Release|Any CPU.ActiveCfg = Release|Any CPU
		{C04CFD5D-D03F-4766-A7CE-4400CF256E11}.Release|Any CPU.Build.0 = Release|Any CPU
	EndGlobalSection
	GlobalSection(SolutionProperties) = preSolution
		HideSolutionNode = FALSE
	EndGlobalSection
	GlobalSection(ExtensibilityGlobals) = postSolution
		SolutionGuid = {8275F95B-1025-4E28-B82B-9585D9E2B3EC}
	EndGlobalSection
EndGlobal
